
Microsoft Visual Studio Solution File, Format Version 12.00
# Visual Studio Version 17
VisualStudioVersion = 17.8.34511.84
MinimumVisualStudioVersion = 10.0.40219.1
Project("{FAE04EC0-301F-11D3-BF4B-00C04F79EFBC}") = "ClientesApp.API", "ClientesApp.API\ClientesApp.API.csproj", "{6254D94D-32E7-4D57-8AB5-EEBAA1FAB949}"
EndProject
Global
	GlobalSection(SolutionConfigurationPlatforms) = preSolution
		Debug|Any CPU = Debug|Any CPU
		Release|Any CPU = Release|Any CPU
	EndGlobalSection
	GlobalSection(ProjectConfigurationPlatforms) = postSolution
		{6254D94D-32E7-4D57-8AB5-EEBAA1FAB949}.Debug|Any CPU.ActiveCfg = Debug|Any CPU
		{6254D94D-32E7-4D57-8AB5-EEBAA1FAB949}.Debug|Any CPU.Build.0 = Debug|Any CPU
		{6254D94D-32E7-4D57-8AB5-EEBAA1FAB949}.Release|Any CPU.ActiveCfg = Release|Any CPU
		{6254D94D-32E7-4D57-8AB5-EEBAA1FAB949}.Release|Any CPU.Build.0 = Release|Any CPU
	EndGlobalSection
	GlobalSection(SolutionProperties) = preSolution
		HideSolutionNode = FALSE
	EndGlobalSection
	GlobalSection(ExtensibilityGlobals) = postSolution
		SolutionGuid = {D795A60D-1308-418D-86B1-38CEF6EC3051}
	EndGlobalSection
EndGlobal
